
Microsoft Visual Studio Solution File, Format Version 12.00
# Visual Studio Version 17
VisualStudioVersion = 17.14.36127.28 d17.14
MinimumVisualStudioVersion = 10.0.40219.1
Project("{FAE04EC0-301F-11D3-BF4B-00C04F79EFBC}") = "quanlibanvetau2", "quanlibanvetau2\quanlibanvetau2.csproj", "{3CC7C029-171A-433C-9992-B0DB63069460}"
EndProject
Global
	GlobalSection(SolutionConfigurationPlatforms) = preSolution
		Debug|Any CPU = Debug|Any CPU
		Release|Any CPU = Release|Any CPU
	EndGlobalSection
	GlobalSection(ProjectConfigurationPlatforms) = postSolution
		{3CC7C029-171A-433C-9992-B0DB63069460}.Debug|Any CPU.ActiveCfg = Debug|Any CPU
		{3CC7C029-171A-433C-9992-B0DB63069460}.Debug|Any CPU.Build.0 = Debug|Any CPU
		{3CC7C029-171A-433C-9992-B0DB63069460}.Release|Any CPU.ActiveCfg = Release|Any CPU
		{3CC7C029-171A-433C-9992-B0DB63069460}.Release|Any CPU.Build.0 = Release|Any CPU
	EndGlobalSection
	GlobalSection(SolutionProperties) = preSolution
		HideSolutionNode = FALSE
	EndGlobalSection
	GlobalSection(ExtensibilityGlobals) = postSolution
		SolutionGuid = {2E916559-B442-4E32-9970-8F5F617AA902}
	EndGlobalSection
EndGlobal
